
Microsoft Visual Studio Solution File, Format Version 12.00
# Visual Studio 15
VisualStudioVersion = 15.0.27130.2020
MinimumVisualStudioVersion = 10.0.40219.1
Project("{FAE04EC0-301F-11D3-BF4B-00C04F79EFBC}") = "Incripcion", "Incripcion\Incripcion.csproj", "{27DE3609-CE79-4834-B84C-6DC0710C8155}"
EndProject
Project("{FAE04EC0-301F-11D3-BF4B-00C04F79EFBC}") = "IncripcionTests", "IncripcionTests\IncripcionTests.csproj", "{A797881A-6FCA-4CAC-9BE2-AE7673C61912}"
EndProject
Global
	GlobalSection(SolutionConfigurationPlatforms) = preSolution
		Debug|Any CPU = Debug|Any CPU
		Release|Any CPU = Release|Any CPU
	EndGlobalSection
	GlobalSection(ProjectConfigurationPlatforms) = postSolution
		{27DE3609-CE79-4834-B84C-6DC0710C8155}.Debug|Any CPU.ActiveCfg = Debug|Any CPU
		{27DE3609-CE79-4834-B84C-6DC0710C8155}.Debug|Any CPU.Build.0 = Debug|Any CPU
		{27DE3609-CE79-4834-B84C-6DC0710C8155}.Release|Any CPU.ActiveCfg = Release|Any CPU
		{27DE3609-CE79-4834-B84C-6DC0710C8155}.Release|Any CPU.Build.0 = Release|Any CPU
		{A797881A-6FCA-4CAC-9BE2-AE7673C61912}.Debug|Any CPU.ActiveCfg = Debug|Any CPU
		{A797881A-6FCA-4CAC-9BE2-AE7673C61912}.Debug|Any CPU.Build.0 = Debug|Any CPU
		{A797881A-6FCA-4CAC-9BE2-AE7673C61912}.Release|Any CPU.ActiveCfg = Release|Any CPU
		{A797881A-6FCA-4CAC-9BE2-AE7673C61912}.Release|Any CPU.Build.0 = Release|Any CPU
	EndGlobalSection
	GlobalSection(SolutionProperties) = preSolution
		HideSolutionNode = FALSE
	EndGlobalSection
	GlobalSection(ExtensibilityGlobals) = postSolution
		SolutionGuid = {5F0FA5F8-E2D9-4CA6-BE9E-42CD75D5E092}
	EndGlobalSection
EndGlobal
